
Microsoft Visual Studio Solution File, Format Version 12.00
# Visual Studio 15
VisualStudioVersion = 15.0.27130.2010
MinimumVisualStudioVersion = 10.0.40219.1
Project("{FAE04EC0-301F-11D3-BF4B-00C04F79EFBC}") = "TheButlerV3", "TheButlerV3\TheButlerV3.csproj", "{D3639906-FA3E-48FD-BDF5-528CCABF8023}"
EndProject
Global
	GlobalSection(SolutionConfigurationPlatforms) = preSolution
		Debug|Any CPU = Debug|Any CPU
		Release|Any CPU = Release|Any CPU
	EndGlobalSection
	GlobalSection(ProjectConfigurationPlatforms) = postSolution
		{D3639906-FA3E-48FD-BDF5-528CCABF8023}.Debug|Any CPU.ActiveCfg = Debug|Any CPU
		{D3639906-FA3E-48FD-BDF5-528CCABF8023}.Debug|Any CPU.Build.0 = Debug|Any CPU
		{D3639906-FA3E-48FD-BDF5-528CCABF8023}.Release|Any CPU.ActiveCfg = Release|Any CPU
		{D3639906-FA3E-48FD-BDF5-528CCABF8023}.Release|Any CPU.Build.0 = Release|Any CPU
	EndGlobalSection
	GlobalSection(SolutionProperties) = preSolution
		HideSolutionNode = FALSE
	EndGlobalSection
	GlobalSection(ExtensibilityGlobals) = postSolution
		SolutionGuid = {192B73E5-1950-49EE-9986-E81ED03586A0}
	EndGlobalSection
EndGlobal
